
Microsoft Visual Studio Solution File, Format Version 12.00
# Visual Studio Version 17
VisualStudioVersion = 17.10.34928.147
MinimumVisualStudioVersion = 10.0.40219.1
Project("{FAE04EC0-301F-11D3-BF4B-00C04F79EFBC}") = "homeWorkPrentheticalEpression", "homeWorkPrentheticalEpression.csproj", "{7B65887C-0A2D-49E5-AB12-72F4ECD6DBD1}"
EndProject
Global
	GlobalSection(SolutionConfigurationPlatforms) = preSolution
		Debug|Any CPU = Debug|Any CPU
		Release|Any CPU = Release|Any CPU
	EndGlobalSection
	GlobalSection(ProjectConfigurationPlatforms) = postSolution
		{7B65887C-0A2D-49E5-AB12-72F4ECD6DBD1}.Debug|Any CPU.ActiveCfg = Debug|Any CPU
		{7B65887C-0A2D-49E5-AB12-72F4ECD6DBD1}.Debug|Any CPU.Build.0 = Debug|Any CPU
		{7B65887C-0A2D-49E5-AB12-72F4ECD6DBD1}.Release|Any CPU.ActiveCfg = Release|Any CPU
		{7B65887C-0A2D-49E5-AB12-72F4ECD6DBD1}.Release|Any CPU.Build.0 = Release|Any CPU
	EndGlobalSection
	GlobalSection(SolutionProperties) = preSolution
		HideSolutionNode = FALSE
	EndGlobalSection
	GlobalSection(ExtensibilityGlobals) = postSolution
		SolutionGuid = {0B08043A-4B11-4084-B75D-2B14673E58F8}
	EndGlobalSection
EndGlobal
